{
  "originHash" : "9d96706805ac88d2ae908b7904e0f56d32298870140c23873ecca846629e640a",
  "pins" : [
    {
      "identity" : "scacore",
      "kind" : "remoteSourceControl",
      "location" : "https://github.com/GujMeister/SCACore",
      "state" : {
        "branch" : "main",
        "revision" : "82b0420a867d18178793576c06ebd2a9980a54ff"
      }
    },
    {
      "identity" : "swinject",
      "kind" : "remoteSourceControl",
      "location" : "git@github.com:Swinject/Swinject.git",
      "state" : {
        "revision" : "b685b549fe4d8ae265fc7a2f27d0789720425d69",
        "version" : "2.10.0"
      }
    }
  ],
  "version" : 3
}
