{
  "originHash" : "f4d6848dedc7828081b102632c2655bd2f3f32fbf6e71baa4fbce3db8a65c840",
  "pins" : [
    {
      "identity" : "scacore",
      "kind" : "remoteSourceControl",
      "location" : "https://github.com/GujMeister/SCACore",
      "state" : {
        "branch" : "main",
        "revision" : "82b0420a867d18178793576c06ebd2a9980a54ff"
      }
    },
    {
      "identity" : "swinject",
      "kind" : "remoteSourceControl",
      "location" : "https://github.com/Swinject/Swinject.git",
      "state" : {
        "revision" : "b685b549fe4d8ae265fc7a2f27d0789720425d69",
        "version" : "2.10.0"
      }
    }
  ],
  "version" : 3
}
